
Microsoft Visual Studio Solution File, Format Version 12.00
Project("{FAE04EC0-301F-11D3-BF4B-00C04F79EFBC}") = "UserGroup.Server", "src\UserGroup.Server\UserGroup.Server.csproj", "{4947504D-4F3F-4F1D-8BDB-67DA7303DB7B}"
EndProject
Project("{FAE04EC0-301F-11D3-BF4B-00C04F79EFBC}") = "UserGroup.Client", "src\UserGroup.Client\UserGroup.Client.csproj", "{DF74C491-BDB5-4030-AD84-0244200C96D4}"
EndProject
Project("{2150E333-8FDC-42A3-9474-1A3956D46DE8}") = "src", "src", "{EB26B11D-2786-46CD-9C17-27F778003A02}"
EndProject
Global
	GlobalSection(SolutionConfigurationPlatforms) = preSolution
		Debug|Any CPU = Debug|Any CPU
		Release|Any CPU = Release|Any CPU
	EndGlobalSection
	GlobalSection(ProjectConfigurationPlatforms) = postSolution
		{4947504D-4F3F-4F1D-8BDB-67DA7303DB7B}.Debug|Any CPU.ActiveCfg = Debug|Any CPU
		{4947504D-4F3F-4F1D-8BDB-67DA7303DB7B}.Debug|Any CPU.Build.0 = Debug|Any CPU
		{4947504D-4F3F-4F1D-8BDB-67DA7303DB7B}.Release|Any CPU.ActiveCfg = Release|Any CPU
		{4947504D-4F3F-4F1D-8BDB-67DA7303DB7B}.Release|Any CPU.Build.0 = Release|Any CPU
		{DF74C491-BDB5-4030-AD84-0244200C96D4}.Debug|Any CPU.ActiveCfg = Debug|Any CPU
		{DF74C491-BDB5-4030-AD84-0244200C96D4}.Debug|Any CPU.Build.0 = Debug|Any CPU
		{DF74C491-BDB5-4030-AD84-0244200C96D4}.Release|Any CPU.ActiveCfg = Release|Any CPU
		{DF74C491-BDB5-4030-AD84-0244200C96D4}.Release|Any CPU.Build.0 = Release|Any CPU
	EndGlobalSection
	GlobalSection(NestedProjects) = preSolution
		{DF74C491-BDB5-4030-AD84-0244200C96D4} = {EB26B11D-2786-46CD-9C17-27F778003A02}
		{4947504D-4F3F-4F1D-8BDB-67DA7303DB7B} = {EB26B11D-2786-46CD-9C17-27F778003A02}
	EndGlobalSection
EndGlobal
